
Microsoft Visual Studio Solution File, Format Version 12.00
# Visual Studio Version 17
VisualStudioVersion = 17.6.33829.357
MinimumVisualStudioVersion = 10.0.40219.1
Project("{FAE04EC0-301F-11D3-BF4B-00C04F79EFBC}") = "Airport.DALTests", "AirPortTests\Airport.DALTests.csproj", "{92D8C4A0-03BC-499D-8FD1-475AC6B00051}"
EndProject
Project("{FAE04EC0-301F-11D3-BF4B-00C04F79EFBC}") = "Airport.BLL", "Airport.BLL\Airport.BLL.csproj", "{627CF170-1461-41AC-B985-8DC7E2E15017}"
EndProject
Project("{FAE04EC0-301F-11D3-BF4B-00C04F79EFBC}") = "Airport.BLLTests", "Airport.BLLTests\Airport.BLLTests.csproj", "{984785AF-F7B7-4DF5-96B0-45BB375343DB}"
EndProject
Project("{FAE04EC0-301F-11D3-BF4B-00C04F79EFBC}") = "Airport.DAL", "Airport.DAL\Airport.DAL.csproj", "{62B10A52-A32A-402E-AF48-A11B0096B889}"
EndProject
Global
	GlobalSection(SolutionConfigurationPlatforms) = preSolution
		Debug|Any CPU = Debug|Any CPU
		Release|Any CPU = Release|Any CPU
	EndGlobalSection
	GlobalSection(ProjectConfigurationPlatforms) = postSolution
		{92D8C4A0-03BC-499D-8FD1-475AC6B00051}.Debug|Any CPU.ActiveCfg = Debug|Any CPU
		{92D8C4A0-03BC-499D-8FD1-475AC6B00051}.Debug|Any CPU.Build.0 = Debug|Any CPU
		{92D8C4A0-03BC-499D-8FD1-475AC6B00051}.Release|Any CPU.ActiveCfg = Release|Any CPU
		{92D8C4A0-03BC-499D-8FD1-475AC6B00051}.Release|Any CPU.Build.0 = Release|Any CPU
		{627CF170-1461-41AC-B985-8DC7E2E15017}.Debug|Any CPU.ActiveCfg = Debug|Any CPU
		{627CF170-1461-41AC-B985-8DC7E2E15017}.Debug|Any CPU.Build.0 = Debug|Any CPU
		{627CF170-1461-41AC-B985-8DC7E2E15017}.Release|Any CPU.ActiveCfg = Release|Any CPU
		{627CF170-1461-41AC-B985-8DC7E2E15017}.Release|Any CPU.Build.0 = Release|Any CPU
		{984785AF-F7B7-4DF5-96B0-45BB375343DB}.Debug|Any CPU.ActiveCfg = Debug|Any CPU
		{984785AF-F7B7-4DF5-96B0-45BB375343DB}.Debug|Any CPU.Build.0 = Debug|Any CPU
		{984785AF-F7B7-4DF5-96B0-45BB375343DB}.Release|Any CPU.ActiveCfg = Release|Any CPU
		{984785AF-F7B7-4DF5-96B0-45BB375343DB}.Release|Any CPU.Build.0 = Release|Any CPU
		{62B10A52-A32A-402E-AF48-A11B0096B889}.Debug|Any CPU.ActiveCfg = Debug|Any CPU
		{62B10A52-A32A-402E-AF48-A11B0096B889}.Debug|Any CPU.Build.0 = Debug|Any CPU
		{62B10A52-A32A-402E-AF48-A11B0096B889}.Release|Any CPU.ActiveCfg = Release|Any CPU
		{62B10A52-A32A-402E-AF48-A11B0096B889}.Release|Any CPU.Build.0 = Release|Any CPU
	EndGlobalSection
	GlobalSection(SolutionProperties) = preSolution
		HideSolutionNode = FALSE
	EndGlobalSection
	GlobalSection(ExtensibilityGlobals) = postSolution
		SolutionGuid = {595272C1-B30A-4B76-9A78-9AEA25FA8BA9}
	EndGlobalSection
EndGlobal
